
Microsoft Visual Studio Solution File, Format Version 12.00
Project("{FAE04EC0-301F-11D3-BF4B-00C04F79EFBC}") = "SingleResponsibilityPrinciple", "src\1_SOLID_Design_Principles\SingleResponsibilityPrinciple\SingleResponsibilityPrinciple.csproj", "{B609E242-AA86-45BD-8FD9-C60962E91141}"
EndProject
Project("{FAE04EC0-301F-11D3-BF4B-00C04F79EFBC}") = "OpenClosedPrinciple", "src\1_SOLID_Design_Principles\OpenClosedPrinciple\OpenClosedPrinciple.csproj", "{DEAC02FA-9BDC-446B-8FCB-296920FD335E}"
EndProject
Project("{2150E333-8FDC-42A3-9474-1A3956D46DE8}") = "SOLID", "SOLID", "{97A8B8F9-147F-49B9-8B6F-2E3812CD876E}"
EndProject
Project("{FAE04EC0-301F-11D3-BF4B-00C04F79EFBC}") = "LiskovSubstitutionPrinciple", "src\1_SOLID_Design_Principles\LiskovSubstitutionPrinciple\LiskovSubstitutionPrinciple.csproj", "{DC24D267-9B42-46F8-9A98-A394761471BF}"
EndProject
Project("{FAE04EC0-301F-11D3-BF4B-00C04F79EFBC}") = "InterfaceSegregationPrinciple", "src\1_SOLID_Design_Principles\InterfaceSegregationPrinciple\InterfaceSegregationPrinciple.csproj", "{65F0D4A4-6CE7-4021-A7AF-7FA279785A22}"
EndProject
Project("{FAE04EC0-301F-11D3-BF4B-00C04F79EFBC}") = "DependencyInversionPrinciple", "src\1_SOLID_Design_Principles\DependencyInversionPrinciple\DependencyInversionPrinciple.csproj", "{E5DCFA6C-75FE-40E2-A3D0-649E2C40EEFC}"
EndProject
Project("{2150E333-8FDC-42A3-9474-1A3956D46DE8}") = "Creational Design Patterns", "Creational Design Patterns", "{186AC592-BE70-4E12-8669-E310E8D7EFCB}"
EndProject
Project("{2150E333-8FDC-42A3-9474-1A3956D46DE8}") = "Builder", "Builder", "{F7972EFA-9D8A-4196-B042-F39A5B461614}"
EndProject
Project("{2150E333-8FDC-42A3-9474-1A3956D46DE8}") = "Factory", "Factory", "{2336D408-5695-4C8E-B2A6-91F5BB81C71E}"
EndProject
Project("{FAE04EC0-301F-11D3-BF4B-00C04F79EFBC}") = "Builder", "src\2_Creational_Design_Patterns\BuilderPattern\Builder\Builder.csproj", "{AAA2819C-AA69-4BE5-948D-75796DA8C673}"
EndProject
Project("{FAE04EC0-301F-11D3-BF4B-00C04F79EFBC}") = "FunctionalBuilder", "src\2_Creational_Design_Patterns\BuilderPattern\FunctionalBuilder\FunctionalBuilder.csproj", "{18F0075A-EF3A-4868-9B59-2CAC206CCC6F}"
EndProject
Project("{FAE04EC0-301F-11D3-BF4B-00C04F79EFBC}") = "Factory", "src\2_Creational_Design_Patterns\FactoryPattern\Factory\Factory.csproj", "{A3C4432E-BDF2-495D-BED2-609F4F6A0015}"
EndProject
Project("{FAE04EC0-301F-11D3-BF4B-00C04F79EFBC}") = "StepwiseBuilder", "src\2_Creational_Design_Patterns\BuilderPattern\StepwiseBuilder\StepwiseBuilder.csproj", "{BFED54A7-1338-49A5-99AB-E95D25B6D339}"
EndProject
Project("{FAE04EC0-301F-11D3-BF4B-00C04F79EFBC}") = "AbstractFactory", "src\2_Creational_Design_Patterns\FactoryPattern\AbstractFactory\AbstractFactory.csproj", "{D0CA27F1-E907-41CD-BCC6-CBEFF9889092}"
EndProject
Global
	GlobalSection(SolutionConfigurationPlatforms) = preSolution
		Debug|Any CPU = Debug|Any CPU
		Release|Any CPU = Release|Any CPU
	EndGlobalSection
	GlobalSection(ProjectConfigurationPlatforms) = postSolution
		{B609E242-AA86-45BD-8FD9-C60962E91141}.Debug|Any CPU.ActiveCfg = Debug|Any CPU
		{B609E242-AA86-45BD-8FD9-C60962E91141}.Debug|Any CPU.Build.0 = Debug|Any CPU
		{B609E242-AA86-45BD-8FD9-C60962E91141}.Release|Any CPU.ActiveCfg = Release|Any CPU
		{B609E242-AA86-45BD-8FD9-C60962E91141}.Release|Any CPU.Build.0 = Release|Any CPU
		{DEAC02FA-9BDC-446B-8FCB-296920FD335E}.Debug|Any CPU.ActiveCfg = Debug|Any CPU
		{DEAC02FA-9BDC-446B-8FCB-296920FD335E}.Debug|Any CPU.Build.0 = Debug|Any CPU
		{DEAC02FA-9BDC-446B-8FCB-296920FD335E}.Release|Any CPU.ActiveCfg = Release|Any CPU
		{DEAC02FA-9BDC-446B-8FCB-296920FD335E}.Release|Any CPU.Build.0 = Release|Any CPU
		{DC24D267-9B42-46F8-9A98-A394761471BF}.Debug|Any CPU.ActiveCfg = Debug|Any CPU
		{DC24D267-9B42-46F8-9A98-A394761471BF}.Debug|Any CPU.Build.0 = Debug|Any CPU
		{DC24D267-9B42-46F8-9A98-A394761471BF}.Release|Any CPU.ActiveCfg = Release|Any CPU
		{DC24D267-9B42-46F8-9A98-A394761471BF}.Release|Any CPU.Build.0 = Release|Any CPU
		{65F0D4A4-6CE7-4021-A7AF-7FA279785A22}.Debug|Any CPU.ActiveCfg = Debug|Any CPU
		{65F0D4A4-6CE7-4021-A7AF-7FA279785A22}.Debug|Any CPU.Build.0 = Debug|Any CPU
		{65F0D4A4-6CE7-4021-A7AF-7FA279785A22}.Release|Any CPU.ActiveCfg = Release|Any CPU
		{65F0D4A4-6CE7-4021-A7AF-7FA279785A22}.Release|Any CPU.Build.0 = Release|Any CPU
		{E5DCFA6C-75FE-40E2-A3D0-649E2C40EEFC}.Debug|Any CPU.ActiveCfg = Debug|Any CPU
		{E5DCFA6C-75FE-40E2-A3D0-649E2C40EEFC}.Debug|Any CPU.Build.0 = Debug|Any CPU
		{E5DCFA6C-75FE-40E2-A3D0-649E2C40EEFC}.Release|Any CPU.ActiveCfg = Release|Any CPU
		{E5DCFA6C-75FE-40E2-A3D0-649E2C40EEFC}.Release|Any CPU.Build.0 = Release|Any CPU
		{AAA2819C-AA69-4BE5-948D-75796DA8C673}.Debug|Any CPU.ActiveCfg = Debug|Any CPU
		{AAA2819C-AA69-4BE5-948D-75796DA8C673}.Debug|Any CPU.Build.0 = Debug|Any CPU
		{AAA2819C-AA69-4BE5-948D-75796DA8C673}.Release|Any CPU.ActiveCfg = Release|Any CPU
		{AAA2819C-AA69-4BE5-948D-75796DA8C673}.Release|Any CPU.Build.0 = Release|Any CPU
		{18F0075A-EF3A-4868-9B59-2CAC206CCC6F}.Debug|Any CPU.ActiveCfg = Debug|Any CPU
		{18F0075A-EF3A-4868-9B59-2CAC206CCC6F}.Debug|Any CPU.Build.0 = Debug|Any CPU
		{18F0075A-EF3A-4868-9B59-2CAC206CCC6F}.Release|Any CPU.ActiveCfg = Release|Any CPU
		{18F0075A-EF3A-4868-9B59-2CAC206CCC6F}.Release|Any CPU.Build.0 = Release|Any CPU
		{A3C4432E-BDF2-495D-BED2-609F4F6A0015}.Debug|Any CPU.ActiveCfg = Debug|Any CPU
		{A3C4432E-BDF2-495D-BED2-609F4F6A0015}.Debug|Any CPU.Build.0 = Debug|Any CPU
		{A3C4432E-BDF2-495D-BED2-609F4F6A0015}.Release|Any CPU.ActiveCfg = Release|Any CPU
		{A3C4432E-BDF2-495D-BED2-609F4F6A0015}.Release|Any CPU.Build.0 = Release|Any CPU
		{BFED54A7-1338-49A5-99AB-E95D25B6D339}.Debug|Any CPU.ActiveCfg = Debug|Any CPU
		{BFED54A7-1338-49A5-99AB-E95D25B6D339}.Debug|Any CPU.Build.0 = Debug|Any CPU
		{BFED54A7-1338-49A5-99AB-E95D25B6D339}.Release|Any CPU.ActiveCfg = Release|Any CPU
		{BFED54A7-1338-49A5-99AB-E95D25B6D339}.Release|Any CPU.Build.0 = Release|Any CPU
		{D0CA27F1-E907-41CD-BCC6-CBEFF9889092}.Debug|Any CPU.ActiveCfg = Debug|Any CPU
		{D0CA27F1-E907-41CD-BCC6-CBEFF9889092}.Debug|Any CPU.Build.0 = Debug|Any CPU
		{D0CA27F1-E907-41CD-BCC6-CBEFF9889092}.Release|Any CPU.ActiveCfg = Release|Any CPU
		{D0CA27F1-E907-41CD-BCC6-CBEFF9889092}.Release|Any CPU.Build.0 = Release|Any CPU
	EndGlobalSection
	GlobalSection(NestedProjects) = preSolution
		{DEAC02FA-9BDC-446B-8FCB-296920FD335E} = {97A8B8F9-147F-49B9-8B6F-2E3812CD876E}
		{B609E242-AA86-45BD-8FD9-C60962E91141} = {97A8B8F9-147F-49B9-8B6F-2E3812CD876E}
		{DC24D267-9B42-46F8-9A98-A394761471BF} = {97A8B8F9-147F-49B9-8B6F-2E3812CD876E}
		{65F0D4A4-6CE7-4021-A7AF-7FA279785A22} = {97A8B8F9-147F-49B9-8B6F-2E3812CD876E}
		{E5DCFA6C-75FE-40E2-A3D0-649E2C40EEFC} = {97A8B8F9-147F-49B9-8B6F-2E3812CD876E}
		{F7972EFA-9D8A-4196-B042-F39A5B461614} = {186AC592-BE70-4E12-8669-E310E8D7EFCB}
		{2336D408-5695-4C8E-B2A6-91F5BB81C71E} = {186AC592-BE70-4E12-8669-E310E8D7EFCB}
		{AAA2819C-AA69-4BE5-948D-75796DA8C673} = {F7972EFA-9D8A-4196-B042-F39A5B461614}
		{18F0075A-EF3A-4868-9B59-2CAC206CCC6F} = {F7972EFA-9D8A-4196-B042-F39A5B461614}
		{BFED54A7-1338-49A5-99AB-E95D25B6D339} = {F7972EFA-9D8A-4196-B042-F39A5B461614}
		{D0CA27F1-E907-41CD-BCC6-CBEFF9889092} = {2336D408-5695-4C8E-B2A6-91F5BB81C71E}
		{A3C4432E-BDF2-495D-BED2-609F4F6A0015} = {2336D408-5695-4C8E-B2A6-91F5BB81C71E}
	EndGlobalSection
EndGlobal
