
Microsoft Visual Studio Solution File, Format Version 12.00
Project("{FAE04EC0-301F-11D3-BF4B-00C04F79EFBC}") = "SingleResponsibilityPrinciple", "src\1_SOLID_Design_Principles\SingleResponsibilityPrinciple\SingleResponsibilityPrinciple.csproj", "{B609E242-AA86-45BD-8FD9-C60962E91141}"
EndProject
Project("{FAE04EC0-301F-11D3-BF4B-00C04F79EFBC}") = "OpenClosedPrinciple", "src\1_SOLID_Design_Principles\OpenClosedPrinciple\OpenClosedPrinciple.csproj", "{DEAC02FA-9BDC-446B-8FCB-296920FD335E}"
EndProject
Project("{2150E333-8FDC-42A3-9474-1A3956D46DE8}") = "SOLID", "SOLID", "{97A8B8F9-147F-49B9-8B6F-2E3812CD876E}"
EndProject
Project("{FAE04EC0-301F-11D3-BF4B-00C04F79EFBC}") = "LiskovSubstitutionPrinciple", "src\1_SOLID_Design_Principles\LiskovSubstitutionPrinciple\LiskovSubstitutionPrinciple.csproj", "{DC24D267-9B42-46F8-9A98-A394761471BF}"
EndProject
Project("{FAE04EC0-301F-11D3-BF4B-00C04F79EFBC}") = "InterfaceSegregationPrinciple", "src\1_SOLID_Design_Principles\InterfaceSegregationPrinciple\InterfaceSegregationPrinciple.csproj", "{65F0D4A4-6CE7-4021-A7AF-7FA279785A22}"
EndProject
Project("{FAE04EC0-301F-11D3-BF4B-00C04F79EFBC}") = "DependencyInversionPrinciple", "src\1_SOLID_Design_Principles\DependencyInversionPrinciple\DependencyInversionPrinciple.csproj", "{E5DCFA6C-75FE-40E2-A3D0-649E2C40EEFC}"
EndProject
Project("{FAE04EC0-301F-11D3-BF4B-00C04F79EFBC}") = "FactoryPattern", "src\2_Creational_Design_Patterns\FactoryPattern\FactoryPattern.csproj", "{2C7CD585-5C11-4C82-BADB-C465E43FE8EB}"
EndProject
Project("{2150E333-8FDC-42A3-9474-1A3956D46DE8}") = "Creational Design Patterns", "Creational Design Patterns", "{186AC592-BE70-4E12-8669-E310E8D7EFCB}"
EndProject
Project("{FAE04EC0-301F-11D3-BF4B-00C04F79EFBC}") = "BuilderPattern", "src\2_Creational_Design_Patterns\BuilderPattern\BuilderPattern.csproj", "{A10ADAEA-DC0C-4AAD-8EF3-C0047511B835}"
EndProject
Global
	GlobalSection(SolutionConfigurationPlatforms) = preSolution
		Debug|Any CPU = Debug|Any CPU
		Release|Any CPU = Release|Any CPU
	EndGlobalSection
	GlobalSection(ProjectConfigurationPlatforms) = postSolution
		{B609E242-AA86-45BD-8FD9-C60962E91141}.Debug|Any CPU.ActiveCfg = Debug|Any CPU
		{B609E242-AA86-45BD-8FD9-C60962E91141}.Debug|Any CPU.Build.0 = Debug|Any CPU
		{B609E242-AA86-45BD-8FD9-C60962E91141}.Release|Any CPU.ActiveCfg = Release|Any CPU
		{B609E242-AA86-45BD-8FD9-C60962E91141}.Release|Any CPU.Build.0 = Release|Any CPU
		{DEAC02FA-9BDC-446B-8FCB-296920FD335E}.Debug|Any CPU.ActiveCfg = Debug|Any CPU
		{DEAC02FA-9BDC-446B-8FCB-296920FD335E}.Debug|Any CPU.Build.0 = Debug|Any CPU
		{DEAC02FA-9BDC-446B-8FCB-296920FD335E}.Release|Any CPU.ActiveCfg = Release|Any CPU
		{DEAC02FA-9BDC-446B-8FCB-296920FD335E}.Release|Any CPU.Build.0 = Release|Any CPU
		{DC24D267-9B42-46F8-9A98-A394761471BF}.Debug|Any CPU.ActiveCfg = Debug|Any CPU
		{DC24D267-9B42-46F8-9A98-A394761471BF}.Debug|Any CPU.Build.0 = Debug|Any CPU
		{DC24D267-9B42-46F8-9A98-A394761471BF}.Release|Any CPU.ActiveCfg = Release|Any CPU
		{DC24D267-9B42-46F8-9A98-A394761471BF}.Release|Any CPU.Build.0 = Release|Any CPU
		{65F0D4A4-6CE7-4021-A7AF-7FA279785A22}.Debug|Any CPU.ActiveCfg = Debug|Any CPU
		{65F0D4A4-6CE7-4021-A7AF-7FA279785A22}.Debug|Any CPU.Build.0 = Debug|Any CPU
		{65F0D4A4-6CE7-4021-A7AF-7FA279785A22}.Release|Any CPU.ActiveCfg = Release|Any CPU
		{65F0D4A4-6CE7-4021-A7AF-7FA279785A22}.Release|Any CPU.Build.0 = Release|Any CPU
		{E5DCFA6C-75FE-40E2-A3D0-649E2C40EEFC}.Debug|Any CPU.ActiveCfg = Debug|Any CPU
		{E5DCFA6C-75FE-40E2-A3D0-649E2C40EEFC}.Debug|Any CPU.Build.0 = Debug|Any CPU
		{E5DCFA6C-75FE-40E2-A3D0-649E2C40EEFC}.Release|Any CPU.ActiveCfg = Release|Any CPU
		{E5DCFA6C-75FE-40E2-A3D0-649E2C40EEFC}.Release|Any CPU.Build.0 = Release|Any CPU
		{2C7CD585-5C11-4C82-BADB-C465E43FE8EB}.Debug|Any CPU.ActiveCfg = Debug|Any CPU
		{2C7CD585-5C11-4C82-BADB-C465E43FE8EB}.Debug|Any CPU.Build.0 = Debug|Any CPU
		{2C7CD585-5C11-4C82-BADB-C465E43FE8EB}.Release|Any CPU.ActiveCfg = Release|Any CPU
		{2C7CD585-5C11-4C82-BADB-C465E43FE8EB}.Release|Any CPU.Build.0 = Release|Any CPU
		{A10ADAEA-DC0C-4AAD-8EF3-C0047511B835}.Debug|Any CPU.ActiveCfg = Debug|Any CPU
		{A10ADAEA-DC0C-4AAD-8EF3-C0047511B835}.Debug|Any CPU.Build.0 = Debug|Any CPU
		{A10ADAEA-DC0C-4AAD-8EF3-C0047511B835}.Release|Any CPU.ActiveCfg = Release|Any CPU
		{A10ADAEA-DC0C-4AAD-8EF3-C0047511B835}.Release|Any CPU.Build.0 = Release|Any CPU
	EndGlobalSection
	GlobalSection(NestedProjects) = preSolution
		{DEAC02FA-9BDC-446B-8FCB-296920FD335E} = {97A8B8F9-147F-49B9-8B6F-2E3812CD876E}
		{B609E242-AA86-45BD-8FD9-C60962E91141} = {97A8B8F9-147F-49B9-8B6F-2E3812CD876E}
		{DC24D267-9B42-46F8-9A98-A394761471BF} = {97A8B8F9-147F-49B9-8B6F-2E3812CD876E}
		{65F0D4A4-6CE7-4021-A7AF-7FA279785A22} = {97A8B8F9-147F-49B9-8B6F-2E3812CD876E}
		{E5DCFA6C-75FE-40E2-A3D0-649E2C40EEFC} = {97A8B8F9-147F-49B9-8B6F-2E3812CD876E}
		{2C7CD585-5C11-4C82-BADB-C465E43FE8EB} = {186AC592-BE70-4E12-8669-E310E8D7EFCB}
	EndGlobalSection
EndGlobal
